
Microsoft Visual Studio Solution File, Format Version 12.00
# Visual Studio 15
VisualStudioVersion = 15.0.27703.2042
MinimumVisualStudioVersion = 10.0.40219.1
Project("{FAE04EC0-301F-11D3-BF4B-00C04F79EFBC}") = "Movies.Core", "Movies.Core\Movies.Core.csproj", "{B00B32D2-69A3-4768-915F-E7C8694F2D25}"
EndProject
Project("{FAE04EC0-301F-11D3-BF4B-00C04F79EFBC}") = "Movies.Service", "Movies.Service\Movies.Service.csproj", "{D15512F6-02FC-49D0-8EB7-CAF355897A66}"
EndProject
Project("{FAE04EC0-301F-11D3-BF4B-00C04F79EFBC}") = "Movies.Interface", "Movies.Interface\Movies.Interface.csproj", "{1091F58C-9089-465C-AB60-DAACA93E5B41}"
EndProject
Project("{FAE04EC0-301F-11D3-BF4B-00C04F79EFBC}") = "Movies.SQL", "Movies.SQL\Movies.SQL.csproj", "{B6DB9AF5-82BC-4BAC-82B5-485C15DE100F}"
EndProject
Project("{FAE04EC0-301F-11D3-BF4B-00C04F79EFBC}") = "Movies.Web", "Movies.Web\Movies.Web.csproj", "{C9568A2A-2AA3-48CF-AD6C-C9267583C46A}"
EndProject
Global
	GlobalSection(SolutionConfigurationPlatforms) = preSolution
		Debug|Any CPU = Debug|Any CPU
		Release|Any CPU = Release|Any CPU
	EndGlobalSection
	GlobalSection(ProjectConfigurationPlatforms) = postSolution
		{B00B32D2-69A3-4768-915F-E7C8694F2D25}.Debug|Any CPU.ActiveCfg = Debug|Any CPU
		{B00B32D2-69A3-4768-915F-E7C8694F2D25}.Debug|Any CPU.Build.0 = Debug|Any CPU
		{B00B32D2-69A3-4768-915F-E7C8694F2D25}.Release|Any CPU.ActiveCfg = Release|Any CPU
		{B00B32D2-69A3-4768-915F-E7C8694F2D25}.Release|Any CPU.Build.0 = Release|Any CPU
		{D15512F6-02FC-49D0-8EB7-CAF355897A66}.Debug|Any CPU.ActiveCfg = Debug|Any CPU
		{D15512F6-02FC-49D0-8EB7-CAF355897A66}.Debug|Any CPU.Build.0 = Debug|Any CPU
		{D15512F6-02FC-49D0-8EB7-CAF355897A66}.Release|Any CPU.ActiveCfg = Release|Any CPU
		{D15512F6-02FC-49D0-8EB7-CAF355897A66}.Release|Any CPU.Build.0 = Release|Any CPU
		{1091F58C-9089-465C-AB60-DAACA93E5B41}.Debug|Any CPU.ActiveCfg = Debug|Any CPU
		{1091F58C-9089-465C-AB60-DAACA93E5B41}.Debug|Any CPU.Build.0 = Debug|Any CPU
		{1091F58C-9089-465C-AB60-DAACA93E5B41}.Release|Any CPU.ActiveCfg = Release|Any CPU
		{1091F58C-9089-465C-AB60-DAACA93E5B41}.Release|Any CPU.Build.0 = Release|Any CPU
		{B6DB9AF5-82BC-4BAC-82B5-485C15DE100F}.Debug|Any CPU.ActiveCfg = Debug|Any CPU
		{B6DB9AF5-82BC-4BAC-82B5-485C15DE100F}.Debug|Any CPU.Build.0 = Debug|Any CPU
		{B6DB9AF5-82BC-4BAC-82B5-485C15DE100F}.Release|Any CPU.ActiveCfg = Release|Any CPU
		{B6DB9AF5-82BC-4BAC-82B5-485C15DE100F}.Release|Any CPU.Build.0 = Release|Any CPU
		{C9568A2A-2AA3-48CF-AD6C-C9267583C46A}.Debug|Any CPU.ActiveCfg = Debug|Any CPU
		{C9568A2A-2AA3-48CF-AD6C-C9267583C46A}.Debug|Any CPU.Build.0 = Debug|Any CPU
		{C9568A2A-2AA3-48CF-AD6C-C9267583C46A}.Release|Any CPU.ActiveCfg = Release|Any CPU
		{C9568A2A-2AA3-48CF-AD6C-C9267583C46A}.Release|Any CPU.Build.0 = Release|Any CPU
	EndGlobalSection
	GlobalSection(SolutionProperties) = preSolution
		HideSolutionNode = FALSE
	EndGlobalSection
	GlobalSection(ExtensibilityGlobals) = postSolution
		SolutionGuid = {52E8B920-6F3B-4987-A6CC-E70E31FD49A6}
	EndGlobalSection
EndGlobal
